
Microsoft Visual Studio Solution File, Format Version 12.00
# Visual Studio 14
VisualStudioVersion = 14.0.25420.1
MinimumVisualStudioVersion = 10.0.40219.1
Project("{FAE04EC0-301F-11D3-BF4B-00C04F79EFBC}") = "EntityFrameworkWithSQLite", "EntityFrameworkWithSQLite\EntityFrameworkWithSQLite.csproj", "{D80C28B4-96D7-4598-A3B1-F4C71051C9F9}"
EndProject
Project("{FAE04EC0-301F-11D3-BF4B-00C04F79EFBC}") = "EntityFrameworkWithSQLite.Core", "EntityFrameworkWithSQLite.Core\EntityFrameworkWithSQLite.Core.csproj", "{B6D04741-ED13-4FE0-9B03-0B39924848FC}"
EndProject
Project("{FAE04EC0-301F-11D3-BF4B-00C04F79EFBC}") = "EntityFrameworkWithSQLite.EntityFramework", "EntityFrameworkWithSQLite.EntityFramework\EntityFrameworkWithSQLite.EntityFramework.csproj", "{73C7850C-1827-48E8-8B63-9AD364993B1B}"
EndProject
Project("{FAE04EC0-301F-11D3-BF4B-00C04F79EFBC}") = "EntityFrameworkWithSQLite.Test", "EntityFrameworkWithSQLite.Test\EntityFrameworkWithSQLite.Test.csproj", "{A3C84C58-58B2-4034-A0A1-5EFBC8DE9C1B}"
EndProject
Global
	GlobalSection(SolutionConfigurationPlatforms) = preSolution
		Debug|Any CPU = Debug|Any CPU
		Release|Any CPU = Release|Any CPU
	EndGlobalSection
	GlobalSection(ProjectConfigurationPlatforms) = postSolution
		{D80C28B4-96D7-4598-A3B1-F4C71051C9F9}.Debug|Any CPU.ActiveCfg = Debug|Any CPU
		{D80C28B4-96D7-4598-A3B1-F4C71051C9F9}.Debug|Any CPU.Build.0 = Debug|Any CPU
		{D80C28B4-96D7-4598-A3B1-F4C71051C9F9}.Release|Any CPU.ActiveCfg = Release|Any CPU
		{D80C28B4-96D7-4598-A3B1-F4C71051C9F9}.Release|Any CPU.Build.0 = Release|Any CPU
		{B6D04741-ED13-4FE0-9B03-0B39924848FC}.Debug|Any CPU.ActiveCfg = Debug|Any CPU
		{B6D04741-ED13-4FE0-9B03-0B39924848FC}.Debug|Any CPU.Build.0 = Debug|Any CPU
		{B6D04741-ED13-4FE0-9B03-0B39924848FC}.Release|Any CPU.ActiveCfg = Release|Any CPU
		{B6D04741-ED13-4FE0-9B03-0B39924848FC}.Release|Any CPU.Build.0 = Release|Any CPU
		{73C7850C-1827-48E8-8B63-9AD364993B1B}.Debug|Any CPU.ActiveCfg = Debug|Any CPU
		{73C7850C-1827-48E8-8B63-9AD364993B1B}.Debug|Any CPU.Build.0 = Debug|Any CPU
		{73C7850C-1827-48E8-8B63-9AD364993B1B}.Release|Any CPU.ActiveCfg = Release|Any CPU
		{73C7850C-1827-48E8-8B63-9AD364993B1B}.Release|Any CPU.Build.0 = Release|Any CPU
		{A3C84C58-58B2-4034-A0A1-5EFBC8DE9C1B}.Debug|Any CPU.ActiveCfg = Debug|Any CPU
		{A3C84C58-58B2-4034-A0A1-5EFBC8DE9C1B}.Debug|Any CPU.Build.0 = Debug|Any CPU
		{A3C84C58-58B2-4034-A0A1-5EFBC8DE9C1B}.Release|Any CPU.ActiveCfg = Release|Any CPU
		{A3C84C58-58B2-4034-A0A1-5EFBC8DE9C1B}.Release|Any CPU.Build.0 = Release|Any CPU
	EndGlobalSection
	GlobalSection(SolutionProperties) = preSolution
		HideSolutionNode = FALSE
	EndGlobalSection
EndGlobal
